
Microsoft Visual Studio Solution File, Format Version 12.00
# Visual Studio Version 17
VisualStudioVersion = 17.4.33205.214
MinimumVisualStudioVersion = 10.0.40219.1
Project("{FAE04EC0-301F-11D3-BF4B-00C04F79EFBC}") = "RAA_Level_02", "RAA_Level_02\RAA_Level_02.csproj", "{20550946-65A2-494F-AD25-D219A01B977E}"
EndProject
Global
	GlobalSection(SolutionConfigurationPlatforms) = preSolution
		Debug|Any CPU = Debug|Any CPU
		Release|Any CPU = Release|Any CPU
	EndGlobalSection
	GlobalSection(ProjectConfigurationPlatforms) = postSolution
		{20550946-65A2-494F-AD25-D219A01B977E}.Debug|Any CPU.ActiveCfg = Debug|Any CPU
		{20550946-65A2-494F-AD25-D219A01B977E}.Debug|Any CPU.Build.0 = Debug|Any CPU
		{20550946-65A2-494F-AD25-D219A01B977E}.Release|Any CPU.ActiveCfg = Release|Any CPU
		{20550946-65A2-494F-AD25-D219A01B977E}.Release|Any CPU.Build.0 = Release|Any CPU
	EndGlobalSection
	GlobalSection(SolutionProperties) = preSolution
		HideSolutionNode = FALSE
	EndGlobalSection
	GlobalSection(ExtensibilityGlobals) = postSolution
		SolutionGuid = {5728F784-92DE-4032-B036-C140C48B95BE}
	EndGlobalSection
EndGlobal
